
Microsoft Visual Studio Solution File, Format Version 12.00
# Visual Studio Version 17
VisualStudioVersion = 17.3.32929.385
MinimumVisualStudioVersion = 10.0.40219.1
Project("{9A19103F-16F7-4668-BE54-9A1E7A4F7556}") = "CustomKeyboardsCalculator", "CustomKeyboardsCalculator\CustomKeyboardsCalculator.csproj", "{30833A91-E506-4F13-8469-E52AE6E62D03}"
EndProject
Project("{FAE04EC0-301F-11D3-BF4B-00C04F79EFBC}") = "CustomKeyboardsCalculator.Core", "CustomKeyboardsCalculator.Core\CustomKeyboardsCalculator.Core.csproj", "{DBFCE9E8-9E1D-45AE-A915-20F561B2D46D}"
EndProject
Global
	GlobalSection(SolutionConfigurationPlatforms) = preSolution
		Debug|Any CPU = Debug|Any CPU
		Release|Any CPU = Release|Any CPU
	EndGlobalSection
	GlobalSection(ProjectConfigurationPlatforms) = postSolution
		{30833A91-E506-4F13-8469-E52AE6E62D03}.Debug|Any CPU.ActiveCfg = Debug|Any CPU
		{30833A91-E506-4F13-8469-E52AE6E62D03}.Debug|Any CPU.Build.0 = Debug|Any CPU
		{30833A91-E506-4F13-8469-E52AE6E62D03}.Release|Any CPU.ActiveCfg = Release|Any CPU
		{30833A91-E506-4F13-8469-E52AE6E62D03}.Release|Any CPU.Build.0 = Release|Any CPU
		{DBFCE9E8-9E1D-45AE-A915-20F561B2D46D}.Debug|Any CPU.ActiveCfg = Debug|Any CPU
		{DBFCE9E8-9E1D-45AE-A915-20F561B2D46D}.Debug|Any CPU.Build.0 = Debug|Any CPU
		{DBFCE9E8-9E1D-45AE-A915-20F561B2D46D}.Release|Any CPU.ActiveCfg = Release|Any CPU
		{DBFCE9E8-9E1D-45AE-A915-20F561B2D46D}.Release|Any CPU.Build.0 = Release|Any CPU
	EndGlobalSection
	GlobalSection(SolutionProperties) = preSolution
		HideSolutionNode = FALSE
	EndGlobalSection
	GlobalSection(ExtensibilityGlobals) = postSolution
		SolutionGuid = {BA45B169-67C6-4229-BC14-9A803F9B6D2C}
	EndGlobalSection
EndGlobal
