
Microsoft Visual Studio Solution File, Format Version 12.00
# Visual Studio Version 17
VisualStudioVersion = 17.4.33122.133
MinimumVisualStudioVersion = 10.0.40219.1
Project("{9A19103F-16F7-4668-BE54-9A1E7A4F7556}") = "CustomKeyboardsWeb", "CustomKeyboardsWeb\CustomKeyboardsWeb.csproj", "{3A16441B-8C36-4992-9E77-59456855080F}"
EndProject
Project("{2150E333-8FDC-42A3-9474-1A3956D46DE8}") = "src", "src", "{2210578C-69E4-443C-BE3E-F924F8C68DA1}"
EndProject
Project("{9A19103F-16F7-4668-BE54-9A1E7A4F7556}") = "CustomKeyboardsWeb.Application", "CustomKeyboardsWeb.Application\CustomKeyboardsWeb.Application.csproj", "{83357E10-9F3B-4CC9-8EEC-5C4612D86E54}"
EndProject
Project("{9A19103F-16F7-4668-BE54-9A1E7A4F7556}") = "CustomKeyboardsWeb.Domain", "CustomKeyboardsWeb.Domain\CustomKeyboardsWeb.Domain.csproj", "{4E0B0344-1B73-4ABE-BF15-9D5D8F99E4F9}"
EndProject
Project("{54A90642-561A-4BB1-A94E-469ADEE60C69}") = "CustomKeyboardsWeb.WebUI", "CustomKeyboardsWeb.WebUI\CustomKeyboardsWeb.WebUI.esproj", "{67A9879B-B49D-4539-8986-44825EC0F211}"
EndProject
Project("{2150E333-8FDC-42A3-9474-1A3956D46DE8}") = "tests", "tests", "{3A617344-6CBB-4228-852D-563866286DB7}"
EndProject
Project("{9A19103F-16F7-4668-BE54-9A1E7A4F7556}") = "CustomKeyboardsWeb.Data", "CustomKeyboardsWeb.Data\CustomKeyboardsWeb.Data.csproj", "{D0380A17-26B4-4486-B8B7-60F96A317623}"
EndProject
Project("{9A19103F-16F7-4668-BE54-9A1E7A4F7556}") = "CustomKeyboardsWeb.Infrastructure", "CustomKeyboardsWeb.Infrastructure\CustomKeyboardsWeb.Infrastructure.csproj", "{A2DC080B-4C1C-4FCB-9474-9570C45D10C9}"
EndProject
Project("{FAE04EC0-301F-11D3-BF4B-00C04F79EFBC}") = "CustomKeyboardsWeb.Mediator", "CustomKeyboardsWeb.Mediator\CustomKeyboardsWeb.Mediator.csproj", "{33F843F2-CD71-41B4-A68A-C5E9249CFCF1}"
EndProject
Global
	GlobalSection(SolutionConfigurationPlatforms) = preSolution
		Debug|Any CPU = Debug|Any CPU
		Release|Any CPU = Release|Any CPU
	EndGlobalSection
	GlobalSection(ProjectConfigurationPlatforms) = postSolution
		{3A16441B-8C36-4992-9E77-59456855080F}.Debug|Any CPU.ActiveCfg = Debug|Any CPU
		{3A16441B-8C36-4992-9E77-59456855080F}.Debug|Any CPU.Build.0 = Debug|Any CPU
		{3A16441B-8C36-4992-9E77-59456855080F}.Release|Any CPU.ActiveCfg = Release|Any CPU
		{3A16441B-8C36-4992-9E77-59456855080F}.Release|Any CPU.Build.0 = Release|Any CPU
		{83357E10-9F3B-4CC9-8EEC-5C4612D86E54}.Debug|Any CPU.ActiveCfg = Debug|Any CPU
		{83357E10-9F3B-4CC9-8EEC-5C4612D86E54}.Debug|Any CPU.Build.0 = Debug|Any CPU
		{83357E10-9F3B-4CC9-8EEC-5C4612D86E54}.Release|Any CPU.ActiveCfg = Release|Any CPU
		{83357E10-9F3B-4CC9-8EEC-5C4612D86E54}.Release|Any CPU.Build.0 = Release|Any CPU
		{4E0B0344-1B73-4ABE-BF15-9D5D8F99E4F9}.Debug|Any CPU.ActiveCfg = Debug|Any CPU
		{4E0B0344-1B73-4ABE-BF15-9D5D8F99E4F9}.Debug|Any CPU.Build.0 = Debug|Any CPU
		{4E0B0344-1B73-4ABE-BF15-9D5D8F99E4F9}.Release|Any CPU.ActiveCfg = Release|Any CPU
		{4E0B0344-1B73-4ABE-BF15-9D5D8F99E4F9}.Release|Any CPU.Build.0 = Release|Any CPU
		{67A9879B-B49D-4539-8986-44825EC0F211}.Debug|Any CPU.ActiveCfg = Debug|Any CPU
		{67A9879B-B49D-4539-8986-44825EC0F211}.Debug|Any CPU.Build.0 = Debug|Any CPU
		{67A9879B-B49D-4539-8986-44825EC0F211}.Debug|Any CPU.Deploy.0 = Debug|Any CPU
		{67A9879B-B49D-4539-8986-44825EC0F211}.Release|Any CPU.ActiveCfg = Release|Any CPU
		{67A9879B-B49D-4539-8986-44825EC0F211}.Release|Any CPU.Build.0 = Release|Any CPU
		{67A9879B-B49D-4539-8986-44825EC0F211}.Release|Any CPU.Deploy.0 = Release|Any CPU
		{D0380A17-26B4-4486-B8B7-60F96A317623}.Debug|Any CPU.ActiveCfg = Debug|Any CPU
		{D0380A17-26B4-4486-B8B7-60F96A317623}.Debug|Any CPU.Build.0 = Debug|Any CPU
		{D0380A17-26B4-4486-B8B7-60F96A317623}.Release|Any CPU.ActiveCfg = Release|Any CPU
		{D0380A17-26B4-4486-B8B7-60F96A317623}.Release|Any CPU.Build.0 = Release|Any CPU
		{A2DC080B-4C1C-4FCB-9474-9570C45D10C9}.Debug|Any CPU.ActiveCfg = Debug|Any CPU
		{A2DC080B-4C1C-4FCB-9474-9570C45D10C9}.Debug|Any CPU.Build.0 = Debug|Any CPU
		{A2DC080B-4C1C-4FCB-9474-9570C45D10C9}.Release|Any CPU.ActiveCfg = Release|Any CPU
		{A2DC080B-4C1C-4FCB-9474-9570C45D10C9}.Release|Any CPU.Build.0 = Release|Any CPU
		{33F843F2-CD71-41B4-A68A-C5E9249CFCF1}.Debug|Any CPU.ActiveCfg = Debug|Any CPU
		{33F843F2-CD71-41B4-A68A-C5E9249CFCF1}.Debug|Any CPU.Build.0 = Debug|Any CPU
		{33F843F2-CD71-41B4-A68A-C5E9249CFCF1}.Release|Any CPU.ActiveCfg = Release|Any CPU
		{33F843F2-CD71-41B4-A68A-C5E9249CFCF1}.Release|Any CPU.Build.0 = Release|Any CPU
	EndGlobalSection
	GlobalSection(SolutionProperties) = preSolution
		HideSolutionNode = FALSE
	EndGlobalSection
	GlobalSection(NestedProjects) = preSolution
		{3A16441B-8C36-4992-9E77-59456855080F} = {2210578C-69E4-443C-BE3E-F924F8C68DA1}
		{83357E10-9F3B-4CC9-8EEC-5C4612D86E54} = {2210578C-69E4-443C-BE3E-F924F8C68DA1}
		{4E0B0344-1B73-4ABE-BF15-9D5D8F99E4F9} = {2210578C-69E4-443C-BE3E-F924F8C68DA1}
		{67A9879B-B49D-4539-8986-44825EC0F211} = {2210578C-69E4-443C-BE3E-F924F8C68DA1}
		{3A617344-6CBB-4228-852D-563866286DB7} = {2210578C-69E4-443C-BE3E-F924F8C68DA1}
		{D0380A17-26B4-4486-B8B7-60F96A317623} = {2210578C-69E4-443C-BE3E-F924F8C68DA1}
		{A2DC080B-4C1C-4FCB-9474-9570C45D10C9} = {2210578C-69E4-443C-BE3E-F924F8C68DA1}
		{33F843F2-CD71-41B4-A68A-C5E9249CFCF1} = {2210578C-69E4-443C-BE3E-F924F8C68DA1}
	EndGlobalSection
	GlobalSection(ExtensibilityGlobals) = postSolution
		SolutionGuid = {485507F6-69AF-4CDF-B9C6-0EE6DD8C7C47}
	EndGlobalSection
EndGlobal
